
Microsoft Visual Studio Solution File, Format Version 12.00
# Visual Studio Version 17
VisualStudioVersion = 17.11.35222.181
MinimumVisualStudioVersion = 10.0.40219.1
Project("{FAE04EC0-301F-11D3-BF4B-00C04F79EFBC}") = "Personas", "Personas\Personas.csproj", "{C05537AB-5527-4EFF-BCB5-13A8FC91498E}"
EndProject
Project("{FAE04EC0-301F-11D3-BF4B-00C04F79EFBC}") = "Colegio", "Colegio\Colegio.csproj", "{005380BA-4C76-43CE-87B6-57C83CB3D4DD}"
EndProject
Project("{FAE04EC0-301F-11D3-BF4B-00C04F79EFBC}") = "Program", "Program\Program.csproj", "{20D38786-5C23-45A9-9962-25800FCE1709}"
EndProject
Global
	GlobalSection(SolutionConfigurationPlatforms) = preSolution
		Debug|Any CPU = Debug|Any CPU
		Release|Any CPU = Release|Any CPU
	EndGlobalSection
	GlobalSection(ProjectConfigurationPlatforms) = postSolution
		{C05537AB-5527-4EFF-BCB5-13A8FC91498E}.Debug|Any CPU.ActiveCfg = Debug|Any CPU
		{C05537AB-5527-4EFF-BCB5-13A8FC91498E}.Debug|Any CPU.Build.0 = Debug|Any CPU
		{C05537AB-5527-4EFF-BCB5-13A8FC91498E}.Release|Any CPU.ActiveCfg = Release|Any CPU
		{C05537AB-5527-4EFF-BCB5-13A8FC91498E}.Release|Any CPU.Build.0 = Release|Any CPU
		{005380BA-4C76-43CE-87B6-57C83CB3D4DD}.Debug|Any CPU.ActiveCfg = Debug|Any CPU
		{005380BA-4C76-43CE-87B6-57C83CB3D4DD}.Debug|Any CPU.Build.0 = Debug|Any CPU
		{005380BA-4C76-43CE-87B6-57C83CB3D4DD}.Release|Any CPU.ActiveCfg = Release|Any CPU
		{005380BA-4C76-43CE-87B6-57C83CB3D4DD}.Release|Any CPU.Build.0 = Release|Any CPU
		{20D38786-5C23-45A9-9962-25800FCE1709}.Debug|Any CPU.ActiveCfg = Debug|Any CPU
		{20D38786-5C23-45A9-9962-25800FCE1709}.Debug|Any CPU.Build.0 = Debug|Any CPU
		{20D38786-5C23-45A9-9962-25800FCE1709}.Release|Any CPU.ActiveCfg = Release|Any CPU
		{20D38786-5C23-45A9-9962-25800FCE1709}.Release|Any CPU.Build.0 = Release|Any CPU
	EndGlobalSection
	GlobalSection(SolutionProperties) = preSolution
		HideSolutionNode = FALSE
	EndGlobalSection
	GlobalSection(ExtensibilityGlobals) = postSolution
		SolutionGuid = {7A07F655-1957-4D12-942D-10A0F6EA7C22}
	EndGlobalSection
EndGlobal
